
Microsoft Visual Studio Solution File, Format Version 12.00
# Visual Studio Version 17
VisualStudioVersion = 17.13.35919.96 d17.13
MinimumVisualStudioVersion = 10.0.40219.1
Project("{FAE04EC0-301F-11D3-BF4B-00C04F79EFBC}") = "OpxRecon", "OpxRecon\OpxRecon.csproj", "{8365675D-6A89-45FE-8A72-FE07A73C85F7}"
EndProject
Global
	GlobalSection(SolutionConfigurationPlatforms) = preSolution
		Debug|Any CPU = Debug|Any CPU
		Release|Any CPU = Release|Any CPU
	EndGlobalSection
	GlobalSection(ProjectConfigurationPlatforms) = postSolution
		{8365675D-6A89-45FE-8A72-FE07A73C85F7}.Debug|Any CPU.ActiveCfg = Debug|Any CPU
		{8365675D-6A89-45FE-8A72-FE07A73C85F7}.Debug|Any CPU.Build.0 = Debug|Any CPU
		{8365675D-6A89-45FE-8A72-FE07A73C85F7}.Release|Any CPU.ActiveCfg = Release|Any CPU
		{8365675D-6A89-45FE-8A72-FE07A73C85F7}.Release|Any CPU.Build.0 = Release|Any CPU
	EndGlobalSection
	GlobalSection(SolutionProperties) = preSolution
		HideSolutionNode = FALSE
	EndGlobalSection
	GlobalSection(ExtensibilityGlobals) = postSolution
		SolutionGuid = {8644FA93-30D1-4EC7-8DA2-861E9A0ACFC6}
	EndGlobalSection
EndGlobal
